// !$*UTF8*$!
{
	archiveVersion = 1;
	classes = {
	};
	objectVersion = 46;
	objects = {

/* Begin PBXBuildFile section */
		D05AC64517FFDA3400A4127D /* UIKit.framework in Frameworks */ = {isa = PBXBuildFile; fileRef = D05AC64417FFDA3400A4127D /* UIKit.framework */; };
		D05AC64717FFDA3400A4127D /* Foundation.framework in Frameworks */ = {isa = PBXBuildFile; fileRef = D05AC64617FFDA3400A4127D /* Foundation.framework */; };
		D05AC64917FFDA3400A4127D /* CoreGraphics.framework in Frameworks */ = {isa = PBXBuildFile; fileRef = D05AC64817FFDA3400A4127D /* CoreGraphics.framework */; };
		D05AC64F17FFDA3400A4127D /* InfoPlist.strings in Resources */ = {isa = PBXBuildFile; fileRef = D05AC64D17FFDA3400A4127D /* InfoPlist.strings */; };
		D05AC65117FFDA3400A4127D /* main.m in Sources */ = {isa = PBXBuildFile; fileRef = D05AC65017FFDA3400A4127D /* main.m */; };
		D05AC65517FFDA3400A4127D /* ProductAppDelegate.m in Sources */ = {isa = PBXBuildFile; fileRef = D05AC65417FFDA3400A4127D /* ProductAppDelegate.m */; };
		D05AC65717FFDA3400A4127D /* Default.png in Resources */ = {isa = PBXBuildFile; fileRef = D05AC65617FFDA3400A4127D /* Default.png */; };
		D05AC65917FFDA3400A4127D /* Default@2x.png in Resources */ = {isa = PBXBuildFile; fileRef = D05AC65817FFDA3400A4127D /* Default@2x.png */; };
		D05AC65B17FFDA3400A4127D /* Default-568h@2x.png in Resources */ = {isa = PBXBuildFile; fileRef = D05AC65A17FFDA3400A4127D /* Default-568h@2x.png */; };
		D05AC65E17FFDA3400A4127D /* MainStoryboard.storyboard in Resources */ = {isa = PBXBuildFile; fileRef = D05AC65C17FFDA3400A4127D /* MainStoryboard.storyboard */; };
		D05AC66117FFDA3400A4127D /* ProductViewController.m in Sources */ = {isa = PBXBuildFile; fileRef = D05AC66017FFDA3400A4127D /* ProductViewController.m */; };
/* End PBXBuildFile section */

/* Begin PBXFileReference section */
		D05AC64117FFDA3400A4127D /* 20131005.SwitchSliderBar.app */ = {isa = PBXFileReference; explicitFileType = wrapper.application; includeInIndex = 0; path = 20131005.SwitchSliderBar.app; sourceTree = BUILT_PRODUCTS_DIR; };
		D05AC64417FFDA3400A4127D /* UIKit.framework */ = {isa = PBXFileReference; lastKnownFileType = wrapper.framework; name = UIKit.framework; path = System/Library/Frameworks/UIKit.framework; sourceTree = SDKROOT; };
		D05AC64617FFDA3400A4127D /* Foundation.framework */ = {isa = PBXFileReference; lastKnownFileType = wrapper.framework; name = Foundation.framework; path = System/Library/Frameworks/Foundation.framework; sourceTree = SDKROOT; };
		D05AC64817FFDA3400A4127D /* CoreGraphics.framework */ = {isa = PBXFileReference; lastKnownFileType = wrapper.framework; name = CoreGraphics.framework; path = System/Library/Frameworks/CoreGraphics.framework; sourceTree = SDKROOT; };
		D05AC64C17FFDA3400A4127D /* 20131005.SwitchSliderBar-Info.plist */ = {isa = PBXFileReference; lastKnownFileType = text.plist.xml; path = "20131005.SwitchSliderBar-Info.plist"; sourceTree = "<group>"; };
		D05AC64E17FFDA3400A4127D /* en */ = {isa = PBXFileReference; lastKnownFileType = text.plist.strings; name = en; path = en.lproj/InfoPlist.strings; sourceTree = "<group>"; };
		D05AC65017FFDA3400A4127D /* main.m */ = {isa = PBXFileReference; lastKnownFileType = sourcecode.c.objc; path = main.m; sourceTree = "<group>"; };
		D05AC65217FFDA3400A4127D /* 20131005.SwitchSliderBar-Prefix.pch */ = {isa = PBXFileReference; lastKnownFileType = sourcecode.c.h; path = "20131005.SwitchSliderBar-Prefix.pch"; sourceTree = "<group>"; };
		D05AC65317FFDA3400A4127D /* ProductAppDelegate.h */ = {isa = PBXFileReference; lastKnownFileType = sourcecode.c.h; path = ProductAppDelegate.h; sourceTree = "<group>"; };
		D05AC65417FFDA3400A4127D /* ProductAppDelegate.m */ = {isa = PBXFileReference; lastKnownFileType = sourcecode.c.objc; path = ProductAppDelegate.m; sourceTree = "<group>"; };
		D05AC65617FFDA3400A4127D /* Default.png */ = {isa = PBXFileReference; lastKnownFileType = image.png; path = Default.png; sourceTree = "<group>"; };
		D05AC65817FFDA3400A4127D /* Default@2x.png */ = {isa = PBXFileReference; lastKnownFileType = image.png; path = "Default@2x.png"; sourceTree = "<group>"; };
		D05AC65A17FFDA3400A4127D /* Default-568h@2x.png */ = {isa = PBXFileReference; lastKnownFileType = image.png; path = "Default-568h@2x.png"; sourceTree = "<group>"; };
		D05AC65D17FFDA3400A4127D /* en */ = {isa = PBXFileReference; lastKnownFileType = file.storyboard; name = en; path = en.lproj/MainStoryboard.storyboard; sourceTree = "<group>"; };
		D05AC65F17FFDA3400A4127D /* ProductViewController.h */ = {isa = PBXFileReference; lastKnownFileType = sourcecode.c.h; path = ProductViewController.h; sourceTree = "<group>"; };
		D05AC66017FFDA3400A4127D /* ProductViewController.m */ = {isa = PBXFileReference; lastKnownFileType = sourcecode.c.objc; path = ProductViewController.m; sourceTree = "<group>"; };
/* End PBXFileReference section */

/* Begin PBXFrameworksBuildPhase section */
		D05AC63E17FFDA3400A4127D /* Frameworks */ = {
			isa = PBXFrameworksBuildPhase;
			buildActionMask = 2147483647;
			files = (
				D05AC64517FFDA3400A4127D /* UIKit.framework in Frameworks */,
				D05AC64717FFDA3400A4127D /* Foundation.framework in Frameworks */,
				D05AC64917FFDA3400A4127D /* CoreGraphics.framework in Frameworks */,
			);
			runOnlyForDeploymentPostprocessing = 0;
		};
/* End PBXFrameworksBuildPhase section */

/* Begin PBXGroup section */
		D05AC63817FFDA3400A4127D = {
			isa = PBXGroup;
			children = (
				D05AC64A17FFDA3400A4127D /* 20131005.SwitchSliderBar */,
				D05AC64317FFDA3400A4127D /* Frameworks */,
				D05AC64217FFDA3400A4127D /* Products */,
			);
			sourceTree = "<group>";
		};
		D05AC64217FFDA3400A4127D /* Products */ = {
			isa = PBXGroup;
			children = (
				D05AC64117FFDA3400A4127D /* 20131005.SwitchSliderBar.app */,
			);
			name = Products;
			sourceTree = "<group>";
		};
		D05AC64317FFDA3400A4127D /* Frameworks */ = {
			isa = PBXGroup;
			children = (
				D05AC64417FFDA3400A4127D /* UIKit.framework */,
				D05AC64617FFDA3400A4127D /* Foundation.framework */,
				D05AC64817FFDA3400A4127D /* CoreGraphics.framework */,
			);
			name = Frameworks;
			sourceTree = "<group>";
		};
		D05AC64A17FFDA3400A4127D /* 20131005.SwitchSliderBar */ = {
			isa = PBXGroup;
			children = (
				D05AC65317FFDA3400A4127D /* ProductAppDelegate.h */,
				D05AC65417FFDA3400A4127D /* ProductAppDelegate.m */,
				D05AC65C17FFDA3400A4127D /* MainStoryboard.storyboard */,
				D05AC65F17FFDA3400A4127D /* ProductViewController.h */,
				D05AC66017FFDA3400A4127D /* ProductViewController.m */,
				D05AC64B17FFDA3400A4127D /* Supporting Files */,
			);
			path = 20131005.SwitchSliderBar;
			sourceTree = "<group>";
		};
		D05AC64B17FFDA3400A4127D /* Supporting Files */ = {
			isa = PBXGroup;
			children = (
				D05AC64C17FFDA3400A4127D /* 20131005.SwitchSliderBar-Info.plist */,
				D05AC64D17FFDA3400A4127D /* InfoPlist.strings */,
				D05AC65017FFDA3400A4127D /* main.m */,
				D05AC65217FFDA3400A4127D /* 20131005.SwitchSliderBar-Prefix.pch */,
				D05AC65617FFDA3400A4127D /* Default.png */,
				D05AC65817FFDA3400A4127D /* Default@2x.png */,
				D05AC65A17FFDA3400A4127D /* Default-568h@2x.png */,
			);
			name = "Supporting Files";
			sourceTree = "<group>";
		};
/* End PBXGroup section */

/* Begin PBXNativeTarget section */
		D05AC64017FFDA3400A4127D /* 20131005.SwitchSliderBar */ = {
			isa = PBXNativeTarget;
			buildConfigurationList = D05AC66417FFDA3400A4127D /* Build configuration list for PBXNativeTarget "20131005.SwitchSliderBar" */;
			buildPhases = (
				D05AC63D17FFDA3400A4127D /* Sources */,
				D05AC63E17FFDA3400A4127D /* Frameworks */,
				D05AC63F17FFDA3400A4127D /* Resources */,
			);
			buildRules = (
			);
			dependencies = (
			);
			name = 20131005.SwitchSliderBar;
			productName = 20131005.SwitchSliderBar;
			productReference = D05AC64117FFDA3400A4127D /* 20131005.SwitchSliderBar.app */;
			productType = "com.apple.product-type.application";
		};
/* End PBXNativeTarget section */

/* Begin PBXProject section */
		D05AC63917FFDA3400A4127D /* Project object */ = {
			isa = PBXProject;
			attributes = {
				CLASSPREFIX = Product;
				LastUpgradeCheck = 0460;
				ORGANIZATIONNAME = "Chang, Liang";
			};
			buildConfigurationList = D05AC63C17FFDA3400A4127D /* Build configuration list for PBXProject "20131005.SwitchSliderBar" */;
			compatibilityVersion = "Xcode 3.2";
			developmentRegion = English;
			hasScannedForEncodings = 0;
			knownRegions = (
				en,
			);
			mainGroup = D05AC63817FFDA3400A4127D;
			productRefGroup = D05AC64217FFDA3400A4127D /* Products */;
			projectDirPath = "";
			projectRoot = "";
			targets = (
				D05AC64017FFDA3400A4127D /* 20131005.SwitchSliderBar */,
			);
		};
/* End PBXProject section */

/* Begin PBXResourcesBuildPhase section */
		D05AC63F17FFDA3400A4127D /* Resources */ = {
			isa = PBXResourcesBuildPhase;
			buildActionMask = 2147483647;
			files = (
				D05AC64F17FFDA3400A4127D /* InfoPlist.strings in Resources */,
				D05AC65717FFDA3400A4127D /* Default.png in Resources */,
				D05AC65917FFDA3400A4127D /* Default@2x.png in Resources */,
				D05AC65B17FFDA3400A4127D /* Default-568h@2x.png in Resources */,
				D05AC65E17FFDA3400A4127D /* MainStoryboard.storyboard in Resources */,
			);
			runOnlyForDeploymentPostprocessing = 0;
		};
/* End PBXResourcesBuildPhase section */

/* Begin PBXSourcesBuildPhase section */
		D05AC63D17FFDA3400A4127D /* Sources */ = {
			isa = PBXSourcesBuildPhase;
			buildActionMask = 2147483647;
			files = (
				D05AC65117FFDA3400A4127D /* main.m in Sources */,
				D05AC65517FFDA3400A4127D /* ProductAppDelegate.m in Sources */,
				D05AC66117FFDA3400A4127D /* ProductViewController.m in Sources */,
			);
			runOnlyForDeploymentPostprocessing = 0;
		};
/* End PBXSourcesBuildPhase section */

/* Begin PBXVariantGroup section */
		D05AC64D17FFDA3400A4127D /* InfoPlist.strings */ = {
			isa = PBXVariantGroup;
			children = (
				D05AC64E17FFDA3400A4127D /* en */,
			);
			name = InfoPlist.strings;
			sourceTree = "<group>";
		};
		D05AC65C17FFDA3400A4127D /* MainStoryboard.storyboard */ = {
			isa = PBXVariantGroup;
			children = (
				D05AC65D17FFDA3400A4127D /* en */,
			);
			name = MainStoryboard.storyboard;
			sourceTree = "<group>";
		};
/* End PBXVariantGroup section */

/* Begin XCBuildConfiguration section */
		D05AC66217FFDA3400A4127D /* Debug */ = {
			isa = XCBuildConfiguration;
			buildSettings = {
				ALWAYS_SEARCH_USER_PATHS = NO;
				CLANG_CXX_LANGUAGE_STANDARD = "gnu++0x";
				CLANG_CXX_LIBRARY = "libc++";
				CLANG_ENABLE_OBJC_ARC = YES;
				CLANG_WARN_CONSTANT_CONVERSION = YES;
				CLANG_WARN_EMPTY_BODY = YES;
				CLANG_WARN_ENUM_CONVERSION = YES;
				CLANG_WARN_INT_CONVERSION = YES;
				CLANG_WARN__DUPLICATE_METHOD_MATCH = YES;
				"CODE_SIGN_IDENTITY[sdk=iphoneos*]" = "iPhone Developer";
				COPY_PHASE_STRIP = NO;
				GCC_C_LANGUAGE_STANDARD = gnu99;
				GCC_DYNAMIC_NO_PIC = NO;
				GCC_OPTIMIZATION_LEVEL = 0;
				GCC_PREPROCESSOR_DEFINITIONS = (
					"DEBUG=1",
					"$(inherited)",
				);
				GCC_SYMBOLS_PRIVATE_EXTERN = NO;
				GCC_WARN_ABOUT_RETURN_TYPE = YES;
				GCC_WARN_UNINITIALIZED_AUTOS = YES;
				GCC_WARN_UNUSED_VARIABLE = YES;
				IPHONEOS_DEPLOYMENT_TARGET = 6.1;
				ONLY_ACTIVE_ARCH = YES;
				SDKROOT = iphoneos;
			};
			name = Debug;
		};
		D05AC66317FFDA3400A4127D /* Release */ = {
			isa = XCBuildConfiguration;
			buildSettings = {
				ALWAYS_SEARCH_USER_PATHS = NO;
				CLANG_CXX_LANGUAGE_STANDARD = "gnu++0x";
				CLANG_CXX_LIBRARY = "libc++";
				CLANG_ENABLE_OBJC_ARC = YES;
				CLANG_WARN_CONSTANT_CONVERSION = YES;
				CLANG_WARN_EMPTY_BODY = YES;
				CLANG_WARN_ENUM_CONVERSION = YES;
				CLANG_WARN_INT_CONVERSION = YES;
				CLANG_WARN__DUPLICATE_METHOD_MATCH = YES;
				"CODE_SIGN_IDENTITY[sdk=iphoneos*]" = "iPhone Developer";
				COPY_PHASE_STRIP = YES;
				GCC_C_LANGUAGE_STANDARD = gnu99;
				GCC_WARN_ABOUT_RETURN_TYPE = YES;
				GCC_WARN_UNINITIALIZED_AUTOS = YES;
				GCC_WARN_UNUSED_VARIABLE = YES;
				IPHONEOS_DEPLOYMENT_TARGET = 6.1;
				OTHER_CFLAGS = "-DNS_BLOCK_ASSERTIONS=1";
				SDKROOT = iphoneos;
				VALIDATE_PRODUCT = YES;
			};
			name = Release;
		};
		D05AC66517FFDA3400A4127D /* Debug */ = {
			isa = XCBuildConfiguration;
			buildSettings = {
				GCC_PRECOMPILE_PREFIX_HEADER = YES;
				GCC_PREFIX_HEADER = "20131005.SwitchSliderBar/20131005.SwitchSliderBar-Prefix.pch";
				INFOPLIST_FILE = "20131005.SwitchSliderBar/20131005.SwitchSliderBar-Info.plist";
				PRODUCT_NAME = "$(TARGET_NAME)";
				WRAPPER_EXTENSION = app;
			};
			name = Debug;
		};
		D05AC66617FFDA3400A4127D /* Release */ = {
			isa = XCBuildConfiguration;
			buildSettings = {
				GCC_PRECOMPILE_PREFIX_HEADER = YES;
				GCC_PREFIX_HEADER = "20131005.SwitchSliderBar/20131005.SwitchSliderBar-Prefix.pch";
				INFOPLIST_FILE = "20131005.SwitchSliderBar/20131005.SwitchSliderBar-Info.plist";
				PRODUCT_NAME = "$(TARGET_NAME)";
				WRAPPER_EXTENSION = app;
			};
			name = Release;
		};
/* End XCBuildConfiguration section */

/* Begin XCConfigurationList section */
		D05AC63C17FFDA3400A4127D /* Build configuration list for PBXProject "20131005.SwitchSliderBar" */ = {
			isa = XCConfigurationList;
			buildConfigurations = (
				D05AC66217FFDA3400A4127D /* Debug */,
				D05AC66317FFDA3400A4127D /* Release */,
			);
			defaultConfigurationIsVisible = 0;
			defaultConfigurationName = Release;
		};
		D05AC66417FFDA3400A4127D /* Build configuration list for PBXNativeTarget "20131005.SwitchSliderBar" */ = {
			isa = XCConfigurationList;
			buildConfigurations = (
				D05AC66517FFDA3400A4127D /* Debug */,
				D05AC66617FFDA3400A4127D /* Release */,
			);
			defaultConfigurationIsVisible = 0;
		};
/* End XCConfigurationList section */
	};
	rootObject = D05AC63917FFDA3400A4127D /* Project object */;
}
