// !$*UTF8*$!
{
	archiveVersion = 1;
	classes = {
	};
	objectVersion = 46;
	objects = {

/* Begin PBXBuildFile section */
		D042E35717F7326B00D45F66 /* Foundation.framework in Frameworks */ = {isa = PBXBuildFile; fileRef = D042E35617F7326B00D45F66 /* Foundation.framework */; };
		D042E35A17F7326B00D45F66 /* main.m in Sources */ = {isa = PBXBuildFile; fileRef = D042E35917F7326B00D45F66 /* main.m */; };
		D042E35E17F7326B00D45F66 /* _0130928_ProtocolDemo.1 in CopyFiles */ = {isa = PBXBuildFile; fileRef = D042E35D17F7326B00D45F66 /* _0130928_ProtocolDemo.1 */; };
		D042E36717F7333500D45F66 /* Addition.m in Sources */ = {isa = PBXBuildFile; fileRef = D042E36617F7333500D45F66 /* Addition.m */; };
/* End PBXBuildFile section */

/* Begin PBXCopyFilesBuildPhase section */
		D042E35117F7326B00D45F66 /* CopyFiles */ = {
			isa = PBXCopyFilesBuildPhase;
			buildActionMask = 2147483647;
			dstPath = /usr/share/man/man1/;
			dstSubfolderSpec = 0;
			files = (
				D042E35E17F7326B00D45F66 /* _0130928_ProtocolDemo.1 in CopyFiles */,
			);
			runOnlyForDeploymentPostprocessing = 1;
		};
/* End PBXCopyFilesBuildPhase section */

/* Begin PBXFileReference section */
		D042E35317F7326B00D45F66 /* 20130928.ProtocolDemo */ = {isa = PBXFileReference; explicitFileType = "compiled.mach-o.executable"; includeInIndex = 0; path = 20130928.ProtocolDemo; sourceTree = BUILT_PRODUCTS_DIR; };
		D042E35617F7326B00D45F66 /* Foundation.framework */ = {isa = PBXFileReference; lastKnownFileType = wrapper.framework; name = Foundation.framework; path = System/Library/Frameworks/Foundation.framework; sourceTree = SDKROOT; };
		D042E35917F7326B00D45F66 /* main.m */ = {isa = PBXFileReference; lastKnownFileType = sourcecode.c.objc; path = main.m; sourceTree = "<group>"; };
		D042E35C17F7326B00D45F66 /* 20130928.ProtocolDemo-Prefix.pch */ = {isa = PBXFileReference; lastKnownFileType = sourcecode.c.h; path = "20130928.ProtocolDemo-Prefix.pch"; sourceTree = "<group>"; };
		D042E35D17F7326B00D45F66 /* _0130928_ProtocolDemo.1 */ = {isa = PBXFileReference; lastKnownFileType = text.man; path = _0130928_ProtocolDemo.1; sourceTree = "<group>"; };
		D042E36417F7329600D45F66 /* FBBDemo.h */ = {isa = PBXFileReference; lastKnownFileType = sourcecode.c.h; path = FBBDemo.h; sourceTree = "<group>"; };
		D042E36517F7333500D45F66 /* Addition.h */ = {isa = PBXFileReference; fileEncoding = 4; lastKnownFileType = sourcecode.c.h; path = Addition.h; sourceTree = "<group>"; };
		D042E36617F7333500D45F66 /* Addition.m */ = {isa = PBXFileReference; fileEncoding = 4; lastKnownFileType = sourcecode.c.objc; path = Addition.m; sourceTree = "<group>"; };
/* End PBXFileReference section */

/* Begin PBXFrameworksBuildPhase section */
		D042E35017F7326B00D45F66 /* Frameworks */ = {
			isa = PBXFrameworksBuildPhase;
			buildActionMask = 2147483647;
			files = (
				D042E35717F7326B00D45F66 /* Foundation.framework in Frameworks */,
			);
			runOnlyForDeploymentPostprocessing = 0;
		};
/* End PBXFrameworksBuildPhase section */

/* Begin PBXGroup section */
		D042E34A17F7326B00D45F66 = {
			isa = PBXGroup;
			children = (
				D042E35817F7326B00D45F66 /* 20130928.ProtocolDemo */,
				D042E35517F7326B00D45F66 /* Frameworks */,
				D042E35417F7326B00D45F66 /* Products */,
			);
			sourceTree = "<group>";
		};
		D042E35417F7326B00D45F66 /* Products */ = {
			isa = PBXGroup;
			children = (
				D042E35317F7326B00D45F66 /* 20130928.ProtocolDemo */,
			);
			name = Products;
			sourceTree = "<group>";
		};
		D042E35517F7326B00D45F66 /* Frameworks */ = {
			isa = PBXGroup;
			children = (
				D042E35617F7326B00D45F66 /* Foundation.framework */,
			);
			name = Frameworks;
			sourceTree = "<group>";
		};
		D042E35817F7326B00D45F66 /* 20130928.ProtocolDemo */ = {
			isa = PBXGroup;
			children = (
				D042E36417F7329600D45F66 /* FBBDemo.h */,
				D042E36517F7333500D45F66 /* Addition.h */,
				D042E36617F7333500D45F66 /* Addition.m */,
				D042E35917F7326B00D45F66 /* main.m */,
				D042E35D17F7326B00D45F66 /* _0130928_ProtocolDemo.1 */,
				D042E35B17F7326B00D45F66 /* Supporting Files */,
			);
			path = 20130928.ProtocolDemo;
			sourceTree = "<group>";
		};
		D042E35B17F7326B00D45F66 /* Supporting Files */ = {
			isa = PBXGroup;
			children = (
				D042E35C17F7326B00D45F66 /* 20130928.ProtocolDemo-Prefix.pch */,
			);
			name = "Supporting Files";
			sourceTree = "<group>";
		};
/* End PBXGroup section */

/* Begin PBXNativeTarget section */
		D042E35217F7326B00D45F66 /* 20130928.ProtocolDemo */ = {
			isa = PBXNativeTarget;
			buildConfigurationList = D042E36117F7326B00D45F66 /* Build configuration list for PBXNativeTarget "20130928.ProtocolDemo" */;
			buildPhases = (
				D042E34F17F7326B00D45F66 /* Sources */,
				D042E35017F7326B00D45F66 /* Frameworks */,
				D042E35117F7326B00D45F66 /* CopyFiles */,
			);
			buildRules = (
			);
			dependencies = (
			);
			name = 20130928.ProtocolDemo;
			productName = 20130928.ProtocolDemo;
			productReference = D042E35317F7326B00D45F66 /* 20130928.ProtocolDemo */;
			productType = "com.apple.product-type.tool";
		};
/* End PBXNativeTarget section */

/* Begin PBXProject section */
		D042E34B17F7326B00D45F66 /* Project object */ = {
			isa = PBXProject;
			attributes = {
				LastUpgradeCheck = 0460;
				ORGANIZATIONNAME = "Chang, Liang";
			};
			buildConfigurationList = D042E34E17F7326B00D45F66 /* Build configuration list for PBXProject "20130928.ProtocolDemo" */;
			compatibilityVersion = "Xcode 3.2";
			developmentRegion = English;
			hasScannedForEncodings = 0;
			knownRegions = (
				en,
			);
			mainGroup = D042E34A17F7326B00D45F66;
			productRefGroup = D042E35417F7326B00D45F66 /* Products */;
			projectDirPath = "";
			projectRoot = "";
			targets = (
				D042E35217F7326B00D45F66 /* 20130928.ProtocolDemo */,
			);
		};
/* End PBXProject section */

/* Begin PBXSourcesBuildPhase section */
		D042E34F17F7326B00D45F66 /* Sources */ = {
			isa = PBXSourcesBuildPhase;
			buildActionMask = 2147483647;
			files = (
				D042E35A17F7326B00D45F66 /* main.m in Sources */,
				D042E36717F7333500D45F66 /* Addition.m in Sources */,
			);
			runOnlyForDeploymentPostprocessing = 0;
		};
/* End PBXSourcesBuildPhase section */

/* Begin XCBuildConfiguration section */
		D042E35F17F7326B00D45F66 /* Debug */ = {
			isa = XCBuildConfiguration;
			buildSettings = {
				ALWAYS_SEARCH_USER_PATHS = NO;
				ARCHS = "$(ARCHS_STANDARD_64_BIT)";
				CLANG_CXX_LANGUAGE_STANDARD = "gnu++0x";
				CLANG_CXX_LIBRARY = "libc++";
				CLANG_ENABLE_OBJC_ARC = YES;
				CLANG_WARN_CONSTANT_CONVERSION = YES;
				CLANG_WARN_EMPTY_BODY = YES;
				CLANG_WARN_ENUM_CONVERSION = YES;
				CLANG_WARN_INT_CONVERSION = YES;
				CLANG_WARN__DUPLICATE_METHOD_MATCH = YES;
				COPY_PHASE_STRIP = NO;
				GCC_C_LANGUAGE_STANDARD = gnu99;
				GCC_DYNAMIC_NO_PIC = NO;
				GCC_ENABLE_OBJC_EXCEPTIONS = YES;
				GCC_OPTIMIZATION_LEVEL = 0;
				GCC_PREPROCESSOR_DEFINITIONS = (
					"DEBUG=1",
					"$(inherited)",
				);
				GCC_SYMBOLS_PRIVATE_EXTERN = NO;
				GCC_WARN_64_TO_32_BIT_CONVERSION = YES;
				GCC_WARN_ABOUT_RETURN_TYPE = YES;
				GCC_WARN_UNINITIALIZED_AUTOS = YES;
				GCC_WARN_UNUSED_VARIABLE = YES;
				MACOSX_DEPLOYMENT_TARGET = 10.8;
				ONLY_ACTIVE_ARCH = YES;
				SDKROOT = macosx;
			};
			name = Debug;
		};
		D042E36017F7326B00D45F66 /* Release */ = {
			isa = XCBuildConfiguration;
			buildSettings = {
				ALWAYS_SEARCH_USER_PATHS = NO;
				ARCHS = "$(ARCHS_STANDARD_64_BIT)";
				CLANG_CXX_LANGUAGE_STANDARD = "gnu++0x";
				CLANG_CXX_LIBRARY = "libc++";
				CLANG_ENABLE_OBJC_ARC = YES;
				CLANG_WARN_CONSTANT_CONVERSION = YES;
				CLANG_WARN_EMPTY_BODY = YES;
				CLANG_WARN_ENUM_CONVERSION = YES;
				CLANG_WARN_INT_CONVERSION = YES;
				CLANG_WARN__DUPLICATE_METHOD_MATCH = YES;
				COPY_PHASE_STRIP = YES;
				DEBUG_INFORMATION_FORMAT = "dwarf-with-dsym";
				GCC_C_LANGUAGE_STANDARD = gnu99;
				GCC_ENABLE_OBJC_EXCEPTIONS = YES;
				GCC_WARN_64_TO_32_BIT_CONVERSION = YES;
				GCC_WARN_ABOUT_RETURN_TYPE = YES;
				GCC_WARN_UNINITIALIZED_AUTOS = YES;
				GCC_WARN_UNUSED_VARIABLE = YES;
				MACOSX_DEPLOYMENT_TARGET = 10.8;
				SDKROOT = macosx;
			};
			name = Release;
		};
		D042E36217F7326B00D45F66 /* Debug */ = {
			isa = XCBuildConfiguration;
			buildSettings = {
				GCC_PRECOMPILE_PREFIX_HEADER = YES;
				GCC_PREFIX_HEADER = "20130928.ProtocolDemo/20130928.ProtocolDemo-Prefix.pch";
				PRODUCT_NAME = "$(TARGET_NAME)";
			};
			name = Debug;
		};
		D042E36317F7326B00D45F66 /* Release */ = {
			isa = XCBuildConfiguration;
			buildSettings = {
				GCC_PRECOMPILE_PREFIX_HEADER = YES;
				GCC_PREFIX_HEADER = "20130928.ProtocolDemo/20130928.ProtocolDemo-Prefix.pch";
				PRODUCT_NAME = "$(TARGET_NAME)";
			};
			name = Release;
		};
/* End XCBuildConfiguration section */

/* Begin XCConfigurationList section */
		D042E34E17F7326B00D45F66 /* Build configuration list for PBXProject "20130928.ProtocolDemo" */ = {
			isa = XCConfigurationList;
			buildConfigurations = (
				D042E35F17F7326B00D45F66 /* Debug */,
				D042E36017F7326B00D45F66 /* Release */,
			);
			defaultConfigurationIsVisible = 0;
			defaultConfigurationName = Release;
		};
		D042E36117F7326B00D45F66 /* Build configuration list for PBXNativeTarget "20130928.ProtocolDemo" */ = {
			isa = XCConfigurationList;
			buildConfigurations = (
				D042E36217F7326B00D45F66 /* Debug */,
				D042E36317F7326B00D45F66 /* Release */,
			);
			defaultConfigurationIsVisible = 0;
		};
/* End XCConfigurationList section */
	};
	rootObject = D042E34B17F7326B00D45F66 /* Project object */;
}
